// !$*UTF8*$!
{
	archiveVersion = 1;
	classes = {
	};
	objectVersion = 56;
	objects = {

/* Begin PBXBuildFile section */
		744EC2FF2B077E08002B6325 /* AppDelegate.swift in Sources */ = {isa = PBXBuildFile; fileRef = 744EC2FE2B077E08002B6325 /* AppDelegate.swift */; };
		744EC3012B077E08002B6325 /* SceneDelegate.swift in Sources */ = {isa = PBXBuildFile; fileRef = 744EC3002B077E08002B6325 /* SceneDelegate.swift */; };
		744EC3032B077E08002B6325 /* ViewController.swift in Sources */ = {isa = PBXBuildFile; fileRef = 744EC3022B077E08002B6325 /* ViewController.swift */; };
		744EC3082B077E09002B6325 /* Assets.xcassets in Resources */ = {isa = PBXBuildFile; fileRef = 744EC3072B077E09002B6325 /* Assets.xcassets */; };
		74F1CD2F2B0CE29A00288AD1 /* NewsController.swift in Sources */ = {isa = PBXBuildFile; fileRef = 74F1CD2E2B0CE29A00288AD1 /* NewsController.swift */; };
		74F1CD312B0CE2C100288AD1 /* HistoryController.swift in Sources */ = {isa = PBXBuildFile; fileRef = 74F1CD302B0CE2C100288AD1 /* HistoryController.swift */; };
		74F1CD332B0CE41500288AD1 /* RanksController.swift in Sources */ = {isa = PBXBuildFile; fileRef = 74F1CD322B0CE41500288AD1 /* RanksController.swift */; };
		74F1CD352B0CE46000288AD1 /* NavBarController.swift in Sources */ = {isa = PBXBuildFile; fileRef = 74F1CD342B0CE46000288AD1 /* NavBarController.swift */; };
		74F1CD372B0CE47300288AD1 /* TabBarController.swift in Sources */ = {isa = PBXBuildFile; fileRef = 74F1CD362B0CE47300288AD1 /* TabBarController.swift */; };
		74F1CD392B0CE48C00288AD1 /* BaseController.swift in Sources */ = {isa = PBXBuildFile; fileRef = 74F1CD382B0CE48C00288AD1 /* BaseController.swift */; };
		74F1CD3B2B0CE50100288AD1 /* Resourses.swift in Sources */ = {isa = PBXBuildFile; fileRef = 74F1CD3A2B0CE50100288AD1 /* Resourses.swift */; };
		74F1CD3E2B0CE57F00288AD1 /* UIcolor + ext.swift in Sources */ = {isa = PBXBuildFile; fileRef = 74F1CD3D2B0CE57F00288AD1 /* UIcolor + ext.swift */; };
		74F1CD402B0CE62100288AD1 /* RacesController.swift in Sources */ = {isa = PBXBuildFile; fileRef = 74F1CD3F2B0CE62100288AD1 /* RacesController.swift */; };
/* End PBXBuildFile section */

/* Begin PBXFileReference section */
		744EC2FB2B077E08002B6325 /* F1_pulse.app */ = {isa = PBXFileReference; explicitFileType = wrapper.application; includeInIndex = 0; path = F1_pulse.app; sourceTree = BUILT_PRODUCTS_DIR; };
		744EC2FE2B077E08002B6325 /* AppDelegate.swift */ = {isa = PBXFileReference; lastKnownFileType = sourcecode.swift; path = AppDelegate.swift; sourceTree = "<group>"; };
		744EC3002B077E08002B6325 /* SceneDelegate.swift */ = {isa = PBXFileReference; lastKnownFileType = sourcecode.swift; path = SceneDelegate.swift; sourceTree = "<group>"; };
		744EC3022B077E08002B6325 /* ViewController.swift */ = {isa = PBXFileReference; lastKnownFileType = sourcecode.swift; path = ViewController.swift; sourceTree = "<group>"; };
		744EC3072B077E09002B6325 /* Assets.xcassets */ = {isa = PBXFileReference; lastKnownFileType = folder.assetcatalog; path = Assets.xcassets; sourceTree = "<group>"; };
		744EC30C2B077E09002B6325 /* Info.plist */ = {isa = PBXFileReference; lastKnownFileType = text.plist.xml; path = Info.plist; sourceTree = "<group>"; };
		74F1CD2E2B0CE29A00288AD1 /* NewsController.swift */ = {isa = PBXFileReference; lastKnownFileType = sourcecode.swift; path = NewsController.swift; sourceTree = "<group>"; };
		74F1CD302B0CE2C100288AD1 /* HistoryController.swift */ = {isa = PBXFileReference; lastKnownFileType = sourcecode.swift; path = HistoryController.swift; sourceTree = "<group>"; };
		74F1CD322B0CE41500288AD1 /* RanksController.swift */ = {isa = PBXFileReference; lastKnownFileType = sourcecode.swift; path = RanksController.swift; sourceTree = "<group>"; };
		74F1CD342B0CE46000288AD1 /* NavBarController.swift */ = {isa = PBXFileReference; lastKnownFileType = sourcecode.swift; path = NavBarController.swift; sourceTree = "<group>"; };
		74F1CD362B0CE47300288AD1 /* TabBarController.swift */ = {isa = PBXFileReference; lastKnownFileType = sourcecode.swift; path = TabBarController.swift; sourceTree = "<group>"; };
		74F1CD382B0CE48C00288AD1 /* BaseController.swift */ = {isa = PBXFileReference; lastKnownFileType = sourcecode.swift; path = BaseController.swift; sourceTree = "<group>"; };
		74F1CD3A2B0CE50100288AD1 /* Resourses.swift */ = {isa = PBXFileReference; lastKnownFileType = sourcecode.swift; path = Resourses.swift; sourceTree = "<group>"; };
		74F1CD3D2B0CE57F00288AD1 /* UIcolor + ext.swift */ = {isa = PBXFileReference; lastKnownFileType = sourcecode.swift; path = "UIcolor + ext.swift"; sourceTree = "<group>"; };
		74F1CD3F2B0CE62100288AD1 /* RacesController.swift */ = {isa = PBXFileReference; lastKnownFileType = sourcecode.swift; path = RacesController.swift; sourceTree = "<group>"; };
/* End PBXFileReference section */

/* Begin PBXFrameworksBuildPhase section */
		744EC2F82B077E08002B6325 /* Frameworks */ = {
			isa = PBXFrameworksBuildPhase;
			buildActionMask = 2147483647;
			files = (
			);
			runOnlyForDeploymentPostprocessing = 0;
		};
/* End PBXFrameworksBuildPhase section */

/* Begin PBXGroup section */
		744EC2F22B077E07002B6325 = {
			isa = PBXGroup;
			children = (
				744EC2FD2B077E08002B6325 /* F1_pulse */,
				744EC2FC2B077E08002B6325 /* Products */,
			);
			sourceTree = "<group>";
		};
		744EC2FC2B077E08002B6325 /* Products */ = {
			isa = PBXGroup;
			children = (
				744EC2FB2B077E08002B6325 /* F1_pulse.app */,
			);
			name = Products;
			sourceTree = "<group>";
		};
		744EC2FD2B077E08002B6325 /* F1_pulse */ = {
			isa = PBXGroup;
			children = (
				744EC2FE2B077E08002B6325 /* AppDelegate.swift */,
				744EC3002B077E08002B6325 /* SceneDelegate.swift */,
				744EC3022B077E08002B6325 /* ViewController.swift */,
				74F1CD3A2B0CE50100288AD1 /* Resourses.swift */,
				74F1CD2E2B0CE29A00288AD1 /* NewsController.swift */,
				74F1CD3F2B0CE62100288AD1 /* RacesController.swift */,
				74F1CD302B0CE2C100288AD1 /* HistoryController.swift */,
				74F1CD322B0CE41500288AD1 /* RanksController.swift */,
				74F1CD342B0CE46000288AD1 /* NavBarController.swift */,
				74F1CD362B0CE47300288AD1 /* TabBarController.swift */,
				74F1CD382B0CE48C00288AD1 /* BaseController.swift */,
				74F1CD3C2B0CE54A00288AD1 /* Extensions */,
				744EC3072B077E09002B6325 /* Assets.xcassets */,
				744EC30C2B077E09002B6325 /* Info.plist */,
			);
			path = F1_pulse;
			sourceTree = "<group>";
		};
		74F1CD3C2B0CE54A00288AD1 /* Extensions */ = {
			isa = PBXGroup;
			children = (
				74F1CD3D2B0CE57F00288AD1 /* UIcolor + ext.swift */,
			);
			path = Extensions;
			sourceTree = "<group>";
		};
/* End PBXGroup section */

/* Begin PBXNativeTarget section */
		744EC2FA2B077E08002B6325 /* F1_pulse */ = {
			isa = PBXNativeTarget;
			buildConfigurationList = 744EC30F2B077E09002B6325 /* Build configuration list for PBXNativeTarget "F1_pulse" */;
			buildPhases = (
				744EC2F72B077E08002B6325 /* Sources */,
				744EC2F82B077E08002B6325 /* Frameworks */,
				744EC2F92B077E08002B6325 /* Resources */,
			);
			buildRules = (
			);
			dependencies = (
			);
			name = F1_pulse;
			productName = F1_pulse;
			productReference = 744EC2FB2B077E08002B6325 /* F1_pulse.app */;
			productType = "com.apple.product-type.application";
		};
/* End PBXNativeTarget section */

/* Begin PBXProject section */
		744EC2F32B077E07002B6325 /* Project object */ = {
			isa = PBXProject;
			attributes = {
				BuildIndependentTargetsInParallel = 1;
				LastSwiftUpdateCheck = 1420;
				LastUpgradeCheck = 1420;
				TargetAttributes = {
					744EC2FA2B077E08002B6325 = {
						CreatedOnToolsVersion = 14.2;
					};
				};
			};
			buildConfigurationList = 744EC2F62B077E07002B6325 /* Build configuration list for PBXProject "F1_pulse" */;
			compatibilityVersion = "Xcode 14.0";
			developmentRegion = en;
			hasScannedForEncodings = 0;
			knownRegions = (
				en,
				Base,
			);
			mainGroup = 744EC2F22B077E07002B6325;
			productRefGroup = 744EC2FC2B077E08002B6325 /* Products */;
			projectDirPath = "";
			projectRoot = "";
			targets = (
				744EC2FA2B077E08002B6325 /* F1_pulse */,
			);
		};
/* End PBXProject section */

/* Begin PBXResourcesBuildPhase section */
		744EC2F92B077E08002B6325 /* Resources */ = {
			isa = PBXResourcesBuildPhase;
			buildActionMask = 2147483647;
			files = (
				744EC3082B077E09002B6325 /* Assets.xcassets in Resources */,
			);
			runOnlyForDeploymentPostprocessing = 0;
		};
/* End PBXResourcesBuildPhase section */

/* Begin PBXSourcesBuildPhase section */
		744EC2F72B077E08002B6325 /* Sources */ = {
			isa = PBXSourcesBuildPhase;
			buildActionMask = 2147483647;
			files = (
				74F1CD312B0CE2C100288AD1 /* HistoryController.swift in Sources */,
				74F1CD392B0CE48C00288AD1 /* BaseController.swift in Sources */,
				74F1CD402B0CE62100288AD1 /* RacesController.swift in Sources */,
				74F1CD372B0CE47300288AD1 /* TabBarController.swift in Sources */,
				74F1CD3B2B0CE50100288AD1 /* Resourses.swift in Sources */,
				74F1CD2F2B0CE29A00288AD1 /* NewsController.swift in Sources */,
				744EC3032B077E08002B6325 /* ViewController.swift in Sources */,
				74F1CD352B0CE46000288AD1 /* NavBarController.swift in Sources */,
				744EC2FF2B077E08002B6325 /* AppDelegate.swift in Sources */,
				744EC3012B077E08002B6325 /* SceneDelegate.swift in Sources */,
				74F1CD3E2B0CE57F00288AD1 /* UIcolor + ext.swift in Sources */,
				74F1CD332B0CE41500288AD1 /* RanksController.swift in Sources */,
			);
			runOnlyForDeploymentPostprocessing = 0;
		};
/* End PBXSourcesBuildPhase section */

/* Begin XCBuildConfiguration section */
		744EC30D2B077E09002B6325 /* Debug */ = {
			isa = XCBuildConfiguration;
			buildSettings = {
				ALWAYS_SEARCH_USER_PATHS = NO;
				CLANG_ANALYZER_NONNULL = YES;
				CLANG_ANALYZER_NUMBER_OBJECT_CONVERSION = YES_AGGRESSIVE;
				CLANG_CXX_LANGUAGE_STANDARD = "gnu++20";
				CLANG_ENABLE_MODULES = YES;
				CLANG_ENABLE_OBJC_ARC = YES;
				CLANG_ENABLE_OBJC_WEAK = YES;
				CLANG_WARN_BLOCK_CAPTURE_AUTORELEASING = YES;
				CLANG_WARN_BOOL_CONVERSION = YES;
				CLANG_WARN_COMMA = YES;
				CLANG_WARN_CONSTANT_CONVERSION = YES;
				CLANG_WARN_DEPRECATED_OBJC_IMPLEMENTATIONS = YES;
				CLANG_WARN_DIRECT_OBJC_ISA_USAGE = YES_ERROR;
				CLANG_WARN_DOCUMENTATION_COMMENTS = YES;
				CLANG_WARN_EMPTY_BODY = YES;
				CLANG_WARN_ENUM_CONVERSION = YES;
				CLANG_WARN_INFINITE_RECURSION = YES;
				CLANG_WARN_INT_CONVERSION = YES;
				CLANG_WARN_NON_LITERAL_NULL_CONVERSION = YES;
				CLANG_WARN_OBJC_IMPLICIT_RETAIN_SELF = YES;
				CLANG_WARN_OBJC_LITERAL_CONVERSION = YES;
				CLANG_WARN_OBJC_ROOT_CLASS = YES_ERROR;
				CLANG_WARN_QUOTED_INCLUDE_IN_FRAMEWORK_HEADER = YES;
				CLANG_WARN_RANGE_LOOP_ANALYSIS = YES;
				CLANG_WARN_STRICT_PROTOTYPES = YES;
				CLANG_WARN_SUSPICIOUS_MOVE = YES;
				CLANG_WARN_UNGUARDED_AVAILABILITY = YES_AGGRESSIVE;
				CLANG_WARN_UNREACHABLE_CODE = YES;
				CLANG_WARN__DUPLICATE_METHOD_MATCH = YES;
				COPY_PHASE_STRIP = NO;
				DEBUG_INFORMATION_FORMAT = dwarf;
				ENABLE_STRICT_OBJC_MSGSEND = YES;
				ENABLE_TESTABILITY = YES;
				GCC_C_LANGUAGE_STANDARD = gnu11;
				GCC_DYNAMIC_NO_PIC = NO;
				GCC_NO_COMMON_BLOCKS = YES;
				GCC_OPTIMIZATION_LEVEL = 0;
				GCC_PREPROCESSOR_DEFINITIONS = (
					"DEBUG=1",
					"$(inherited)",
				);
				GCC_WARN_64_TO_32_BIT_CONVERSION = YES;
				GCC_WARN_ABOUT_RETURN_TYPE = YES_ERROR;
				GCC_WARN_UNDECLARED_SELECTOR = YES;
				GCC_WARN_UNINITIALIZED_AUTOS = YES_AGGRESSIVE;
				GCC_WARN_UNUSED_FUNCTION = YES;
				GCC_WARN_UNUSED_VARIABLE = YES;
				IPHONEOS_DEPLOYMENT_TARGET = 16.2;
				MTL_ENABLE_DEBUG_INFO = INCLUDE_SOURCE;
				MTL_FAST_MATH = YES;
				ONLY_ACTIVE_ARCH = YES;
				SDKROOT = iphoneos;
				SWIFT_ACTIVE_COMPILATION_CONDITIONS = DEBUG;
				SWIFT_OPTIMIZATION_LEVEL = "-Onone";
			};
			name = Debug;
		};
		744EC30E2B077E09002B6325 /* Release */ = {
			isa = XCBuildConfiguration;
			buildSettings = {
				ALWAYS_SEARCH_USER_PATHS = NO;
				CLANG_ANALYZER_NONNULL = YES;
				CLANG_ANALYZER_NUMBER_OBJECT_CONVERSION = YES_AGGRESSIVE;
				CLANG_CXX_LANGUAGE_STANDARD = "gnu++20";
				CLANG_ENABLE_MODULES = YES;
				CLANG_ENABLE_OBJC_ARC = YES;
				CLANG_ENABLE_OBJC_WEAK = YES;
				CLANG_WARN_BLOCK_CAPTURE_AUTORELEASING = YES;
				CLANG_WARN_BOOL_CONVERSION = YES;
				CLANG_WARN_COMMA = YES;
				CLANG_WARN_CONSTANT_CONVERSION = YES;
				CLANG_WARN_DEPRECATED_OBJC_IMPLEMENTATIONS = YES;
				CLANG_WARN_DIRECT_OBJC_ISA_USAGE = YES_ERROR;
				CLANG_WARN_DOCUMENTATION_COMMENTS = YES;
				CLANG_WARN_EMPTY_BODY = YES;
				CLANG_WARN_ENUM_CONVERSION = YES;
				CLANG_WARN_INFINITE_RECURSION = YES;
				CLANG_WARN_INT_CONVERSION = YES;
				CLANG_WARN_NON_LITERAL_NULL_CONVERSION = YES;
				CLANG_WARN_OBJC_IMPLICIT_RETAIN_SELF = YES;
				CLANG_WARN_OBJC_LITERAL_CONVERSION = YES;
				CLANG_WARN_OBJC_ROOT_CLASS = YES_ERROR;
				CLANG_WARN_QUOTED_INCLUDE_IN_FRAMEWORK_HEADER = YES;
				CLANG_WARN_RANGE_LOOP_ANALYSIS = YES;
				CLANG_WARN_STRICT_PROTOTYPES = YES;
				CLANG_WARN_SUSPICIOUS_MOVE = YES;
				CLANG_WARN_UNGUARDED_AVAILABILITY = YES_AGGRESSIVE;
				CLANG_WARN_UNREACHABLE_CODE = YES;
				CLANG_WARN__DUPLICATE_METHOD_MATCH = YES;
				COPY_PHASE_STRIP = NO;
				DEBUG_INFORMATION_FORMAT = "dwarf-with-dsym";
				ENABLE_NS_ASSERTIONS = NO;
				ENABLE_STRICT_OBJC_MSGSEND = YES;
				GCC_C_LANGUAGE_STANDARD = gnu11;
				GCC_NO_COMMON_BLOCKS = YES;
				GCC_WARN_64_TO_32_BIT_CONVERSION = YES;
				GCC_WARN_ABOUT_RETURN_TYPE = YES_ERROR;
				GCC_WARN_UNDECLARED_SELECTOR = YES;
				GCC_WARN_UNINITIALIZED_AUTOS = YES_AGGRESSIVE;
				GCC_WARN_UNUSED_FUNCTION = YES;
				GCC_WARN_UNUSED_VARIABLE = YES;
				IPHONEOS_DEPLOYMENT_TARGET = 16.2;
				MTL_ENABLE_DEBUG_INFO = NO;
				MTL_FAST_MATH = YES;
				SDKROOT = iphoneos;
				SWIFT_COMPILATION_MODE = wholemodule;
				SWIFT_OPTIMIZATION_LEVEL = "-O";
				VALIDATE_PRODUCT = YES;
			};
			name = Release;
		};
		744EC3102B077E09002B6325 /* Debug */ = {
			isa = XCBuildConfiguration;
			buildSettings = {
				ASSETCATALOG_COMPILER_APPICON_NAME = AppIcon;
				ASSETCATALOG_COMPILER_GLOBAL_ACCENT_COLOR_NAME = AccentColor;
				CODE_SIGN_STYLE = Automatic;
				CURRENT_PROJECT_VERSION = 1;
				DEVELOPMENT_TEAM = YG2MGDDMUP;
				GENERATE_INFOPLIST_FILE = YES;
				INFOPLIST_FILE = F1_pulse/Info.plist;
				INFOPLIST_KEY_CFBundleDisplayName = F1;
				INFOPLIST_KEY_LSApplicationCategoryType = "public.app-category.sports";
				INFOPLIST_KEY_UIApplicationSupportsIndirectInputEvents = YES;
				INFOPLIST_KEY_UILaunchStoryboardName = LaunchScreen;
				INFOPLIST_KEY_UIStatusBarStyle = "";
				INFOPLIST_KEY_UISupportedInterfaceOrientations_iPad = "UIInterfaceOrientationPortrait UIInterfaceOrientationPortraitUpsideDown UIInterfaceOrientationLandscapeLeft UIInterfaceOrientationLandscapeRight";
				INFOPLIST_KEY_UISupportedInterfaceOrientations_iPhone = "UIInterfaceOrientationPortrait UIInterfaceOrientationLandscapeLeft UIInterfaceOrientationLandscapeRight";
				IPHONEOS_DEPLOYMENT_TARGET = 15.1;
				LD_RUNPATH_SEARCH_PATHS = (
					"$(inherited)",
					"@executable_path/Frameworks",
				);
				MARKETING_VERSION = 1.0;
				PRODUCT_BUNDLE_IDENTIFIER = "Egor.F1-pulse";
				PRODUCT_NAME = "$(TARGET_NAME)";
				SWIFT_EMIT_LOC_STRINGS = YES;
				SWIFT_VERSION = 5.0;
				TARGETED_DEVICE_FAMILY = "1,2";
			};
			name = Debug;
		};
		744EC3112B077E09002B6325 /* Release */ = {
			isa = XCBuildConfiguration;
			buildSettings = {
				ASSETCATALOG_COMPILER_APPICON_NAME = AppIcon;
				ASSETCATALOG_COMPILER_GLOBAL_ACCENT_COLOR_NAME = AccentColor;
				CODE_SIGN_STYLE = Automatic;
				CURRENT_PROJECT_VERSION = 1;
				DEVELOPMENT_TEAM = YG2MGDDMUP;
				GENERATE_INFOPLIST_FILE = YES;
				INFOPLIST_FILE = F1_pulse/Info.plist;
				INFOPLIST_KEY_CFBundleDisplayName = F1;
				INFOPLIST_KEY_LSApplicationCategoryType = "public.app-category.sports";
				INFOPLIST_KEY_UIApplicationSupportsIndirectInputEvents = YES;
				INFOPLIST_KEY_UILaunchStoryboardName = LaunchScreen;
				INFOPLIST_KEY_UIStatusBarStyle = "";
				INFOPLIST_KEY_UISupportedInterfaceOrientations_iPad = "UIInterfaceOrientationPortrait UIInterfaceOrientationPortraitUpsideDown UIInterfaceOrientationLandscapeLeft UIInterfaceOrientationLandscapeRight";
				INFOPLIST_KEY_UISupportedInterfaceOrientations_iPhone = "UIInterfaceOrientationPortrait UIInterfaceOrientationLandscapeLeft UIInterfaceOrientationLandscapeRight";
				IPHONEOS_DEPLOYMENT_TARGET = 15.1;
				LD_RUNPATH_SEARCH_PATHS = (
					"$(inherited)",
					"@executable_path/Frameworks",
				);
				MARKETING_VERSION = 1.0;
				PRODUCT_BUNDLE_IDENTIFIER = "Egor.F1-pulse";
				PRODUCT_NAME = "$(TARGET_NAME)";
				SWIFT_EMIT_LOC_STRINGS = YES;
				SWIFT_VERSION = 5.0;
				TARGETED_DEVICE_FAMILY = "1,2";
			};
			name = Release;
		};
/* End XCBuildConfiguration section */

/* Begin XCConfigurationList section */
		744EC2F62B077E07002B6325 /* Build configuration list for PBXProject "F1_pulse" */ = {
			isa = XCConfigurationList;
			buildConfigurations = (
				744EC30D2B077E09002B6325 /* Debug */,
				744EC30E2B077E09002B6325 /* Release */,
			);
			defaultConfigurationIsVisible = 0;
			defaultConfigurationName = Release;
		};
		744EC30F2B077E09002B6325 /* Build configuration list for PBXNativeTarget "F1_pulse" */ = {
			isa = XCConfigurationList;
			buildConfigurations = (
				744EC3102B077E09002B6325 /* Debug */,
				744EC3112B077E09002B6325 /* Release */,
			);
			defaultConfigurationIsVisible = 0;
			defaultConfigurationName = Release;
		};
/* End XCConfigurationList section */
	};
	rootObject = 744EC2F32B077E07002B6325 /* Project object */;
}
